{
  "nodes": {
    "nixpkgs": {
      "locked": {
        "lastModified": 1640069128,
        "narHash": "sha256-VlUfi4H/5wzBhtE1IEGEps6pm+S/qY2IpQ0GLiSVYw8=",
        "owner": "NixOS",
        "repo": "nixpkgs",
        "rev": "59969084c760623ab05d15b5dbcdcfcf02a14d82",
        "type": "github"
      },
      "original": {
        "owner": "NixOS",
        "ref": "master",
        "repo": "nixpkgs",
        "type": "github"
      }
    },
    "root": {
      "inputs": {
        "nixpkgs": "nixpkgs",
        "sops-nix": "sops-nix"
      }
    },
    "sops-nix": {
      "inputs": {
        "nixpkgs": [
          "nixpkgs"
        ]
      },
      "locked": {
        "lastModified": 1638821683,
        "narHash": "sha256-oyqALhGijy2ZQxFSACrcC+Z8MzYLiomKCr9FQXVZ47U=",
        "owner": "Mic92",
        "repo": "sops-nix",
        "rev": "afe00100b16648c1d79e62926caacac561df93a5",
        "type": "github"
      },
      "original": {
        "owner": "Mic92",
        "repo": "sops-nix",
        "type": "github"
      }
    }
  },
  "root": "root",
  "version": 7
}
